
Microsoft Visual Studio Solution File, Format Version 12.00
# Visual Studio Version 16
VisualStudioVersion = 16.0.28803.352
MinimumVisualStudioVersion = 10.0.40219.1
Project("{FAE04EC0-301F-11D3-BF4B-00C04F79EFBC}") = "Cap1_Ejercicio_5", "Homework_1_Aplicada_1\Cap1_Ejercicio_5.csproj", "{049928DF-7D23-4F49-9E31-914E12B2E39E}"
EndProject
Project("{FAE04EC0-301F-11D3-BF4B-00C04F79EFBC}") = "Cap1_Ejercicio_1", "Homerwork\Cap1_Ejercicio_1.csproj", "{43121BBD-73D5-424F-80B5-28330E2D353F}"
EndProject
Project("{2150E333-8FDC-42A3-9474-1A3956D46DE8}") = "Capitulo_1", "Capitulo_1", "{C612044A-1888-4B44-BB0E-9AFFF7D6F41F}"
EndProject
Project("{2150E333-8FDC-42A3-9474-1A3956D46DE8}") = "Capitulo_2", "Capitulo_2", "{2DB21362-D8D5-466C-A312-A0A7D14E57BC}"
EndProject
Project("{FAE04EC0-301F-11D3-BF4B-00C04F79EFBC}") = "Cap2_Ejercicio_1", "Ejercicio_1\Cap2_Ejercicio_1.csproj", "{1962845C-1FE1-4C9E-99B1-B4FAE2787AA2}"
EndProject
Project("{FAE04EC0-301F-11D3-BF4B-00C04F79EFBC}") = "Cap2_Ejercicio_3", "Ejercicio_2\Cap2_Ejercicio_3.csproj", "{D3A0F0B1-CDCC-4646-9218-5D07DB0844AF}"
EndProject
Project("{FAE04EC0-301F-11D3-BF4B-00C04F79EFBC}") = "Cap2_Ejercicio_4", "Ejercicio_4\Cap2_Ejercicio_4.csproj", "{0C1EE09C-0D2B-427B-AE8B-EAB88C340372}"
EndProject
Project("{FAE04EC0-301F-11D3-BF4B-00C04F79EFBC}") = "Cap2_Ejercicio_5", "Ejercicio_5\Cap2_Ejercicio_5.csproj", "{A5AF9B79-F166-4B63-8A0E-F5992322E29D}"
EndProject
Project("{2150E333-8FDC-42A3-9474-1A3956D46DE8}") = "Capitulo_3", "Capitulo_3", "{841694A6-68F6-4A3E-A7BD-AC3A45165747}"
EndProject
Project("{2150E333-8FDC-42A3-9474-1A3956D46DE8}") = "Capitulo_4", "Capitulo_4", "{7FB3D92B-47AD-4D7D-A17B-7DA74C707497}"
EndProject
Project("{FAE04EC0-301F-11D3-BF4B-00C04F79EFBC}") = "Cap3_Ejercicio_1", "Cap3_Ejercicio_1\Cap3_Ejercicio_1.csproj", "{F414384C-53E6-4A70-8505-75E7D5CEF1EF}"
EndProject
Project("{FAE04EC0-301F-11D3-BF4B-00C04F79EFBC}") = "Cap3_Ejercicio_4", "Cap3_Ejercicio_4\Cap3_Ejercicio_4.csproj", "{32BB0CF6-795C-4556-A031-E0A0579A7F57}"
EndProject
Project("{FAE04EC0-301F-11D3-BF4B-00C04F79EFBC}") = "Cap3_Ejercicio_5", "Cap3_Ejercicio_5\Cap3_Ejercicio_5.csproj", "{C2AFEC35-15CC-45FC-822B-B368764C1863}"
EndProject
Project("{FAE04EC0-301F-11D3-BF4B-00C04F79EFBC}") = "Cap4_Ejercicio_1", "Cap4_Ejercicio_1\Cap4_Ejercicio_1.csproj", "{A087C77F-49DE-4537-94A4-6EDB81554D79}"
EndProject
Project("{FAE04EC0-301F-11D3-BF4B-00C04F79EFBC}") = "Cap4_Ejercicio_2", "Cap4_Ejercicio_2\Cap4_Ejercicio_2.csproj", "{CEC441E3-4F91-4FC7-8041-C82F386379E3}"
EndProject
Project("{FAE04EC0-301F-11D3-BF4B-00C04F79EFBC}") = "Cap4_Ejercicio_5", "ConsoleApp2\Cap4_Ejercicio_5.csproj", "{AF8BD056-5D48-457E-8761-13F723B300AD}"
EndProject
Project("{2150E333-8FDC-42A3-9474-1A3956D46DE8}") = "Aplicada", "Aplicada", "{5DE89B50-81DB-417B-A855-660391C8583A}"
EndProject
Global
	GlobalSection(SolutionConfigurationPlatforms) = preSolution
		Debug|Any CPU = Debug|Any CPU
		Release|Any CPU = Release|Any CPU
	EndGlobalSection
	GlobalSection(ProjectConfigurationPlatforms) = postSolution
		{049928DF-7D23-4F49-9E31-914E12B2E39E}.Debug|Any CPU.ActiveCfg = Debug|Any CPU
		{049928DF-7D23-4F49-9E31-914E12B2E39E}.Debug|Any CPU.Build.0 = Debug|Any CPU
		{049928DF-7D23-4F49-9E31-914E12B2E39E}.Release|Any CPU.ActiveCfg = Release|Any CPU
		{049928DF-7D23-4F49-9E31-914E12B2E39E}.Release|Any CPU.Build.0 = Release|Any CPU
		{43121BBD-73D5-424F-80B5-28330E2D353F}.Debug|Any CPU.ActiveCfg = Debug|Any CPU
		{43121BBD-73D5-424F-80B5-28330E2D353F}.Debug|Any CPU.Build.0 = Debug|Any CPU
		{43121BBD-73D5-424F-80B5-28330E2D353F}.Release|Any CPU.ActiveCfg = Release|Any CPU
		{43121BBD-73D5-424F-80B5-28330E2D353F}.Release|Any CPU.Build.0 = Release|Any CPU
		{1962845C-1FE1-4C9E-99B1-B4FAE2787AA2}.Debug|Any CPU.ActiveCfg = Debug|Any CPU
		{1962845C-1FE1-4C9E-99B1-B4FAE2787AA2}.Debug|Any CPU.Build.0 = Debug|Any CPU
		{1962845C-1FE1-4C9E-99B1-B4FAE2787AA2}.Release|Any CPU.ActiveCfg = Release|Any CPU
		{1962845C-1FE1-4C9E-99B1-B4FAE2787AA2}.Release|Any CPU.Build.0 = Release|Any CPU
		{D3A0F0B1-CDCC-4646-9218-5D07DB0844AF}.Debug|Any CPU.ActiveCfg = Debug|Any CPU
		{D3A0F0B1-CDCC-4646-9218-5D07DB0844AF}.Debug|Any CPU.Build.0 = Debug|Any CPU
		{D3A0F0B1-CDCC-4646-9218-5D07DB0844AF}.Release|Any CPU.ActiveCfg = Release|Any CPU
		{D3A0F0B1-CDCC-4646-9218-5D07DB0844AF}.Release|Any CPU.Build.0 = Release|Any CPU
		{0C1EE09C-0D2B-427B-AE8B-EAB88C340372}.Debug|Any CPU.ActiveCfg = Debug|Any CPU
		{0C1EE09C-0D2B-427B-AE8B-EAB88C340372}.Debug|Any CPU.Build.0 = Debug|Any CPU
		{0C1EE09C-0D2B-427B-AE8B-EAB88C340372}.Release|Any CPU.ActiveCfg = Release|Any CPU
		{0C1EE09C-0D2B-427B-AE8B-EAB88C340372}.Release|Any CPU.Build.0 = Release|Any CPU
		{A5AF9B79-F166-4B63-8A0E-F5992322E29D}.Debug|Any CPU.ActiveCfg = Debug|Any CPU
		{A5AF9B79-F166-4B63-8A0E-F5992322E29D}.Debug|Any CPU.Build.0 = Debug|Any CPU
		{A5AF9B79-F166-4B63-8A0E-F5992322E29D}.Release|Any CPU.ActiveCfg = Release|Any CPU
		{A5AF9B79-F166-4B63-8A0E-F5992322E29D}.Release|Any CPU.Build.0 = Release|Any CPU
		{F414384C-53E6-4A70-8505-75E7D5CEF1EF}.Debug|Any CPU.ActiveCfg = Debug|Any CPU
		{F414384C-53E6-4A70-8505-75E7D5CEF1EF}.Debug|Any CPU.Build.0 = Debug|Any CPU
		{F414384C-53E6-4A70-8505-75E7D5CEF1EF}.Release|Any CPU.ActiveCfg = Release|Any CPU
		{F414384C-53E6-4A70-8505-75E7D5CEF1EF}.Release|Any CPU.Build.0 = Release|Any CPU
		{32BB0CF6-795C-4556-A031-E0A0579A7F57}.Debug|Any CPU.ActiveCfg = Debug|Any CPU
		{32BB0CF6-795C-4556-A031-E0A0579A7F57}.Debug|Any CPU.Build.0 = Debug|Any CPU
		{32BB0CF6-795C-4556-A031-E0A0579A7F57}.Release|Any CPU.ActiveCfg = Release|Any CPU
		{32BB0CF6-795C-4556-A031-E0A0579A7F57}.Release|Any CPU.Build.0 = Release|Any CPU
		{C2AFEC35-15CC-45FC-822B-B368764C1863}.Debug|Any CPU.ActiveCfg = Debug|Any CPU
		{C2AFEC35-15CC-45FC-822B-B368764C1863}.Debug|Any CPU.Build.0 = Debug|Any CPU
		{C2AFEC35-15CC-45FC-822B-B368764C1863}.Release|Any CPU.ActiveCfg = Release|Any CPU
		{C2AFEC35-15CC-45FC-822B-B368764C1863}.Release|Any CPU.Build.0 = Release|Any CPU
		{A087C77F-49DE-4537-94A4-6EDB81554D79}.Debug|Any CPU.ActiveCfg = Debug|Any CPU
		{A087C77F-49DE-4537-94A4-6EDB81554D79}.Debug|Any CPU.Build.0 = Debug|Any CPU
		{A087C77F-49DE-4537-94A4-6EDB81554D79}.Release|Any CPU.ActiveCfg = Release|Any CPU
		{A087C77F-49DE-4537-94A4-6EDB81554D79}.Release|Any CPU.Build.0 = Release|Any CPU
		{CEC441E3-4F91-4FC7-8041-C82F386379E3}.Debug|Any CPU.ActiveCfg = Debug|Any CPU
		{CEC441E3-4F91-4FC7-8041-C82F386379E3}.Debug|Any CPU.Build.0 = Debug|Any CPU
		{CEC441E3-4F91-4FC7-8041-C82F386379E3}.Release|Any CPU.ActiveCfg = Release|Any CPU
		{CEC441E3-4F91-4FC7-8041-C82F386379E3}.Release|Any CPU.Build.0 = Release|Any CPU
		{AF8BD056-5D48-457E-8761-13F723B300AD}.Debug|Any CPU.ActiveCfg = Debug|Any CPU
		{AF8BD056-5D48-457E-8761-13F723B300AD}.Debug|Any CPU.Build.0 = Debug|Any CPU
		{AF8BD056-5D48-457E-8761-13F723B300AD}.Release|Any CPU.ActiveCfg = Release|Any CPU
		{AF8BD056-5D48-457E-8761-13F723B300AD}.Release|Any CPU.Build.0 = Release|Any CPU
	EndGlobalSection
	GlobalSection(SolutionProperties) = preSolution
		HideSolutionNode = FALSE
	EndGlobalSection
	GlobalSection(NestedProjects) = preSolution
		{049928DF-7D23-4F49-9E31-914E12B2E39E} = {C612044A-1888-4B44-BB0E-9AFFF7D6F41F}
		{43121BBD-73D5-424F-80B5-28330E2D353F} = {C612044A-1888-4B44-BB0E-9AFFF7D6F41F}
		{C612044A-1888-4B44-BB0E-9AFFF7D6F41F} = {5DE89B50-81DB-417B-A855-660391C8583A}
		{2DB21362-D8D5-466C-A312-A0A7D14E57BC} = {5DE89B50-81DB-417B-A855-660391C8583A}
		{1962845C-1FE1-4C9E-99B1-B4FAE2787AA2} = {2DB21362-D8D5-466C-A312-A0A7D14E57BC}
		{D3A0F0B1-CDCC-4646-9218-5D07DB0844AF} = {2DB21362-D8D5-466C-A312-A0A7D14E57BC}
		{0C1EE09C-0D2B-427B-AE8B-EAB88C340372} = {2DB21362-D8D5-466C-A312-A0A7D14E57BC}
		{A5AF9B79-F166-4B63-8A0E-F5992322E29D} = {2DB21362-D8D5-466C-A312-A0A7D14E57BC}
		{841694A6-68F6-4A3E-A7BD-AC3A45165747} = {5DE89B50-81DB-417B-A855-660391C8583A}
		{7FB3D92B-47AD-4D7D-A17B-7DA74C707497} = {5DE89B50-81DB-417B-A855-660391C8583A}
		{F414384C-53E6-4A70-8505-75E7D5CEF1EF} = {841694A6-68F6-4A3E-A7BD-AC3A45165747}
		{32BB0CF6-795C-4556-A031-E0A0579A7F57} = {841694A6-68F6-4A3E-A7BD-AC3A45165747}
		{C2AFEC35-15CC-45FC-822B-B368764C1863} = {841694A6-68F6-4A3E-A7BD-AC3A45165747}
		{A087C77F-49DE-4537-94A4-6EDB81554D79} = {7FB3D92B-47AD-4D7D-A17B-7DA74C707497}
		{CEC441E3-4F91-4FC7-8041-C82F386379E3} = {7FB3D92B-47AD-4D7D-A17B-7DA74C707497}
		{AF8BD056-5D48-457E-8761-13F723B300AD} = {7FB3D92B-47AD-4D7D-A17B-7DA74C707497}
	EndGlobalSection
	GlobalSection(ExtensibilityGlobals) = postSolution
		SolutionGuid = {E69A8AA1-8BD1-4A73-BAEE-725E1F5B6E8B}
	EndGlobalSection
EndGlobal
